dependencies:
- name: workbench-namespaces
  repository: file://../platform/workbench-namespaces
  version: 1.0.0-rc1
- name: workbench-storage-classes
  repository: file://../platform/workbench-storage-classes
  version: 1.0.0-rc1
- name: workbench-apps-secrets
  repository: file://../platform/workbench-apps-secrets
  version: 1.0.0-rc1
- name: workbench-local-ca-secret
  repository: file://../platform/workbench-local-ca-secret
  version: 1.0.0-rc1
- name: workbench-policies
  repository: file://../platform/workbench-policies
  version: 1.0.0-rc1
- name: workbench-public-gateway
  repository: file://../platform/gateways/workbench-public-gateway
  version: 1.0.0-rc1
- name: workbench-http-to-https-redirect
  repository: file://../platform/gateways/workbench-http-to-https-redirect
  version: 1.0.0-rc1
- name: workbench-postgres
  repository: file://../infra/workbench-postgres
  version: 1.0.0-rc1
- name: workbench-rabbitmq
  repository: file://../infra/workbench-rabbitmq
  version: 1.0.0-rc1
- name: workbench-redis
  repository: file://../infra/workbench-redis
  version: 1.0.0-rc1
- name: workbench-api
  repository: file://../apps/workbench-api
  version: 1.0.0-rc1
- name: workbench-api
  repository: file://../apps/workbench-api
  version: 1.0.0-rc1
- name: workbench-worker
  repository: file://../apps/workbench-worker
  version: 1.0.0-rc1
- name: workbench-jobs
  repository: file://../apps/workbench-jobs
  version: 1.0.0-rc1
- name: workbench-app
  repository: file://../apps/workbench-app
  version: 1.0.0-rc1
digest: sha256:1892660cfce1a13c73bfc3233f9eeb95deebb524c579bee018e35d1586d67014
generated: "2026-06-11T23:28:57.230158+07:00"
