dependencies:
- name: workbench-namespaces
  repository: file://../../platform/workbench-namespaces
  version: 1.0.0-rc1
- name: workbench-storage-classes
  repository: file://../../platform/workbench-storage-classes
  version: 1.0.0-rc1
- name: workbench-apps-secrets
  repository: file://../../platform/workbench-apps-secrets
  version: 1.0.0-rc1
- name: workbench-local-ca-secret
  repository: file://../../platform/workbench-local-ca-secret
  version: 1.0.0-rc1
- name: workbench-policies
  repository: file://../../platform/workbench-policies
  version: 1.0.0-rc1
- name: workbench-public-gateway
  repository: file://../../platform/gateways/workbench-public-gateway
  version: 1.0.0-rc1
- name: workbench-http-to-https-redirect
  repository: file://../../platform/gateways/workbench-http-to-https-redirect
  version: 1.0.0-rc1
- name: workbench-postgres
  repository: file://../../infra/workbench-postgres
  version: 1.0.0-rc1
- name: workbench-rabbitmq
  repository: file://../../infra/workbench-rabbitmq
  version: 1.0.0-rc1
- name: workbench-redis
  repository: file://../../infra/workbench-redis
  version: 1.0.0-rc1
- name: workbench-api
  repository: file://../../apps/workbench-api
  version: 1.0.0-rc1
- name: workbench-api
  repository: file://../../apps/workbench-api
  version: 1.0.0-rc1
- name: workbench-worker
  repository: file://../../apps/workbench-worker
  version: 1.0.0-rc1
- name: workbench-jobs
  repository: file://../../apps/workbench-jobs
  version: 1.0.0-rc1
- name: workbench-app
  repository: file://../../apps/workbench-app
  version: 1.0.0-rc1
digest: sha256:13dab4cf560ad10e6dcc9d5b90598cbfd33273757c1533cf95d29438f722aa47
generated: "2026-06-12T23:15:58.064112+07:00"
