dependencies:
- name: workbench-namespaces
  repository: file://../platform/namespaces
  version: 1.0.0-rc1
- name: workbench-apps-secrets
  repository: file://../platform/secrets
  version: 1.0.0-rc1
- name: workbench-storage-classes
  repository: file://../platform/storage-classes
  version: 1.0.0-rc1
- name: workbench-policies
  repository: file://../platform/policies
  version: 1.0.0-rc1
digest: sha256:7d148eead56a8af0a1825bf8063b33be2cc29f614437ad4fe187af99f51a4d97
generated: "2026-05-15T14:07:20.098397+07:00"
