dependencies:
- name: workbench-namespaces
  repository: file://../platform/namespaces
  version: 1.0.0-rc1
- name: workbench-apps-secrets
  repository: file://../platform/secrets
  version: 1.0.0-rc1
digest: sha256:9175a9e7cdfa8bb403460d65ba61579dfe60c698d40ec6a3e2a9b765e28851b3
generated: "2026-05-15T12:10:07.311523+07:00"
